// !$*UTF8*$!
{
	archiveVersion = 1;
	classes = {
	};
	objectVersion = 46;
	objects = {

/* Begin PBXBuildFile section */
		EC510CD51A3E6A0D00D4B8ED /* AppDelegate.swift in Sources */ = {isa = PBXBuildFile; fileRef = EC510CD41A3E6A0D00D4B8ED /* AppDelegate.swift */; };
		EC510CD71A3E6A0D00D4B8ED /* FirstViewController.swift in Sources */ = {isa = PBXBuildFile; fileRef = EC510CD61A3E6A0D00D4B8ED /* FirstViewController.swift */; };
		EC510CD91A3E6A0D00D4B8ED /* SecondViewController.swift in Sources */ = {isa = PBXBuildFile; fileRef = EC510CD81A3E6A0D00D4B8ED /* SecondViewController.swift */; };
		EC510CDC1A3E6A0D00D4B8ED /* Main.storyboard in Resources */ = {isa = PBXBuildFile; fileRef = EC510CDA1A3E6A0D00D4B8ED /* Main.storyboard */; };
		EC510CDE1A3E6A0D00D4B8ED /* Images.xcassets in Resources */ = {isa = PBXBuildFile; fileRef = EC510CDD1A3E6A0D00D4B8ED /* Images.xcassets */; };
		EC510CE11A3E6A0D00D4B8ED /* LaunchScreen.xib in Resources */ = {isa = PBXBuildFile; fileRef = EC510CDF1A3E6A0D00D4B8ED /* LaunchScreen.xib */; };
		EC510CED1A3E6A0D00D4B8ED /* To_Do_ListTests.swift in Sources */ = {isa = PBXBuildFile; fileRef = EC510CEC1A3E6A0D00D4B8ED /* To_Do_ListTests.swift */; };
/* End PBXBuildFile section */

/* Begin PBXContainerItemProxy section */
		EC510CE71A3E6A0D00D4B8ED /* PBXContainerItemProxy */ = {
			isa = PBXContainerItemProxy;
			containerPortal = EC510CC71A3E6A0C00D4B8ED /* Project object */;
			proxyType = 1;
			remoteGlobalIDString = EC510CCE1A3E6A0D00D4B8ED;
			remoteInfo = "To Do List";
		};
/* End PBXContainerItemProxy section */

/* Begin PBXFileReference section */
		EC510CCF1A3E6A0D00D4B8ED /* To Do List.app */ = {isa = PBXFileReference; explicitFileType = wrapper.application; includeInIndex = 0; path = "To Do List.app"; sourceTree = BUILT_PRODUCTS_DIR; };
		EC510CD31A3E6A0D00D4B8ED /* Info.plist */ = {isa = PBXFileReference; lastKnownFileType = text.plist.xml; path = Info.plist; sourceTree = "<group>"; };
		EC510CD41A3E6A0D00D4B8ED /* AppDelegate.swift */ = {isa = PBXFileReference; lastKnownFileType = sourcecode.swift; path = AppDelegate.swift; sourceTree = "<group>"; };
		EC510CD61A3E6A0D00D4B8ED /* FirstViewController.swift */ = {isa = PBXFileReference; lastKnownFileType = sourcecode.swift; path = FirstViewController.swift; sourceTree = "<group>"; };
		EC510CD81A3E6A0D00D4B8ED /* SecondViewController.swift */ = {isa = PBXFileReference; lastKnownFileType = sourcecode.swift; path = SecondViewController.swift; sourceTree = "<group>"; };
		EC510CDB1A3E6A0D00D4B8ED /* Base */ = {isa = PBXFileReference; lastKnownFileType = file.storyboard; name = Base; path = Base.lproj/Main.storyboard; sourceTree = "<group>"; };
		EC510CDD1A3E6A0D00D4B8ED /* Images.xcassets */ = {isa = PBXFileReference; lastKnownFileType = folder.assetcatalog; path = Images.xcassets; sourceTree = "<group>"; };
		EC510CE01A3E6A0D00D4B8ED /* Base */ = {isa = PBXFileReference; lastKnownFileType = file.xib; name = Base; path = Base.lproj/LaunchScreen.xib; sourceTree = "<group>"; };
		EC510CE61A3E6A0D00D4B8ED /* To Do ListTests.xctest */ = {isa = PBXFileReference; explicitFileType = wrapper.cfbundle; includeInIndex = 0; path = "To Do ListTests.xctest"; sourceTree = BUILT_PRODUCTS_DIR; };
		EC510CEB1A3E6A0D00D4B8ED /* Info.plist */ = {isa = PBXFileReference; lastKnownFileType = text.plist.xml; path = Info.plist; sourceTree = "<group>"; };
		EC510CEC1A3E6A0D00D4B8ED /* To_Do_ListTests.swift */ = {isa = PBXFileReference; lastKnownFileType = sourcecode.swift; path = To_Do_ListTests.swift; sourceTree = "<group>"; };
/* End PBXFileReference section */

/* Begin PBXFrameworksBuildPhase section */
		EC510CCC1A3E6A0D00D4B8ED /* Frameworks */ = {
			isa = PBXFrameworksBuildPhase;
			buildActionMask = 2147483647;
			files = (
			);
			runOnlyForDeploymentPostprocessing = 0;
		};
		EC510CE31A3E6A0D00D4B8ED /* Frameworks */ = {
			isa = PBXFrameworksBuildPhase;
			buildActionMask = 2147483647;
			files = (
			);
			runOnlyForDeploymentPostprocessing = 0;
		};
/* End PBXFrameworksBuildPhase section */

/* Begin PBXGroup section */
		EC510CC61A3E6A0C00D4B8ED = {
			isa = PBXGroup;
			children = (
				EC510CD11A3E6A0D00D4B8ED /* To Do List */,
				EC510CE91A3E6A0D00D4B8ED /* To Do ListTests */,
				EC510CD01A3E6A0D00D4B8ED /* Products */,
			);
			sourceTree = "<group>";
		};
		EC510CD01A3E6A0D00D4B8ED /* Products */ = {
			isa = PBXGroup;
			children = (
				EC510CCF1A3E6A0D00D4B8ED /* To Do List.app */,
				EC510CE61A3E6A0D00D4B8ED /* To Do ListTests.xctest */,
			);
			name = Products;
			sourceTree = "<group>";
		};
		EC510CD11A3E6A0D00D4B8ED /* To Do List */ = {
			isa = PBXGroup;
			children = (
				EC510CD41A3E6A0D00D4B8ED /* AppDelegate.swift */,
				EC510CD61A3E6A0D00D4B8ED /* FirstViewController.swift */,
				EC510CD81A3E6A0D00D4B8ED /* SecondViewController.swift */,
				EC510CDA1A3E6A0D00D4B8ED /* Main.storyboard */,
				EC510CDD1A3E6A0D00D4B8ED /* Images.xcassets */,
				EC510CDF1A3E6A0D00D4B8ED /* LaunchScreen.xib */,
				EC510CD21A3E6A0D00D4B8ED /* Supporting Files */,
			);
			path = "To Do List";
			sourceTree = "<group>";
		};
		EC510CD21A3E6A0D00D4B8ED /* Supporting Files */ = {
			isa = PBXGroup;
			children = (
				EC510CD31A3E6A0D00D4B8ED /* Info.plist */,
			);
			name = "Supporting Files";
			sourceTree = "<group>";
		};
		EC510CE91A3E6A0D00D4B8ED /* To Do ListTests */ = {
			isa = PBXGroup;
			children = (
				EC510CEC1A3E6A0D00D4B8ED /* To_Do_ListTests.swift */,
				EC510CEA1A3E6A0D00D4B8ED /* Supporting Files */,
			);
			path = "To Do ListTests";
			sourceTree = "<group>";
		};
		EC510CEA1A3E6A0D00D4B8ED /* Supporting Files */ = {
			isa = PBXGroup;
			children = (
				EC510CEB1A3E6A0D00D4B8ED /* Info.plist */,
			);
			name = "Supporting Files";
			sourceTree = "<group>";
		};
/* End PBXGroup section */

/* Begin PBXNativeTarget section */
		EC510CCE1A3E6A0D00D4B8ED /* To Do List */ = {
			isa = PBXNativeTarget;
			buildConfigurationList = EC510CF01A3E6A0D00D4B8ED /* Build configuration list for PBXNativeTarget "To Do List" */;
			buildPhases = (
				EC510CCB1A3E6A0D00D4B8ED /* Sources */,
				EC510CCC1A3E6A0D00D4B8ED /* Frameworks */,
				EC510CCD1A3E6A0D00D4B8ED /* Resources */,
			);
			buildRules = (
			);
			dependencies = (
			);
			name = "To Do List";
			productName = "To Do List";
			productReference = EC510CCF1A3E6A0D00D4B8ED /* To Do List.app */;
			productType = "com.apple.product-type.application";
		};
		EC510CE51A3E6A0D00D4B8ED /* To Do ListTests */ = {
			isa = PBXNativeTarget;
			buildConfigurationList = EC510CF31A3E6A0D00D4B8ED /* Build configuration list for PBXNativeTarget "To Do ListTests" */;
			buildPhases = (
				EC510CE21A3E6A0D00D4B8ED /* Sources */,
				EC510CE31A3E6A0D00D4B8ED /* Frameworks */,
				EC510CE41A3E6A0D00D4B8ED /* Resources */,
			);
			buildRules = (
			);
			dependencies = (
				EC510CE81A3E6A0D00D4B8ED /* PBXTargetDependency */,
			);
			name = "To Do ListTests";
			productName = "To Do ListTests";
			productReference = EC510CE61A3E6A0D00D4B8ED /* To Do ListTests.xctest */;
			productType = "com.apple.product-type.bundle.unit-test";
		};
/* End PBXNativeTarget section */

/* Begin PBXProject section */
		EC510CC71A3E6A0C00D4B8ED /* Project object */ = {
			isa = PBXProject;
			attributes = {
				LastUpgradeCheck = 0610;
				ORGANIZATIONNAME = "Patrick Landin";
				TargetAttributes = {
					EC510CCE1A3E6A0D00D4B8ED = {
						CreatedOnToolsVersion = 6.1.1;
					};
					EC510CE51A3E6A0D00D4B8ED = {
						CreatedOnToolsVersion = 6.1.1;
						TestTargetID = EC510CCE1A3E6A0D00D4B8ED;
					};
				};
			};
			buildConfigurationList = EC510CCA1A3E6A0C00D4B8ED /* Build configuration list for PBXProject "To Do List" */;
			compatibilityVersion = "Xcode 3.2";
			developmentRegion = English;
			hasScannedForEncodings = 0;
			knownRegions = (
				en,
				Base,
			);
			mainGroup = EC510CC61A3E6A0C00D4B8ED;
			productRefGroup = EC510CD01A3E6A0D00D4B8ED /* Products */;
			projectDirPath = "";
			projectRoot = "";
			targets = (
				EC510CCE1A3E6A0D00D4B8ED /* To Do List */,
				EC510CE51A3E6A0D00D4B8ED /* To Do ListTests */,
			);
		};
/* End PBXProject section */

/* Begin PBXResourcesBuildPhase section */
		EC510CCD1A3E6A0D00D4B8ED /* Resources */ = {
			isa = PBXResourcesBuildPhase;
			buildActionMask = 2147483647;
			files = (
				EC510CDC1A3E6A0D00D4B8ED /* Main.storyboard in Resources */,
				EC510CE11A3E6A0D00D4B8ED /* LaunchScreen.xib in Resources */,
				EC510CDE1A3E6A0D00D4B8ED /* Images.xcassets in Resources */,
			);
			runOnlyForDeploymentPostprocessing = 0;
		};
		EC510CE41A3E6A0D00D4B8ED /* Resources */ = {
			isa = PBXResourcesBuildPhase;
			buildActionMask = 2147483647;
			files = (
			);
			runOnlyForDeploymentPostprocessing = 0;
		};
/* End PBXResourcesBuildPhase section */

/* Begin PBXSourcesBuildPhase section */
		EC510CCB1A3E6A0D00D4B8ED /* Sources */ = {
			isa = PBXSourcesBuildPhase;
			buildActionMask = 2147483647;
			files = (
				EC510CD91A3E6A0D00D4B8ED /* SecondViewController.swift in Sources */,
				EC510CD51A3E6A0D00D4B8ED /* AppDelegate.swift in Sources */,
				EC510CD71A3E6A0D00D4B8ED /* FirstViewController.swift in Sources */,
			);
			runOnlyForDeploymentPostprocessing = 0;
		};
		EC510CE21A3E6A0D00D4B8ED /* Sources */ = {
			isa = PBXSourcesBuildPhase;
			buildActionMask = 2147483647;
			files = (
				EC510CED1A3E6A0D00D4B8ED /* To_Do_ListTests.swift in Sources */,
			);
			runOnlyForDeploymentPostprocessing = 0;
		};
/* End PBXSourcesBuildPhase section */

/* Begin PBXTargetDependency section */
		EC510CE81A3E6A0D00D4B8ED /* PBXTargetDependency */ = {
			isa = PBXTargetDependency;
			target = EC510CCE1A3E6A0D00D4B8ED /* To Do List */;
			targetProxy = EC510CE71A3E6A0D00D4B8ED /* PBXContainerItemProxy */;
		};
/* End PBXTargetDependency section */

/* Begin PBXVariantGroup section */
		EC510CDA1A3E6A0D00D4B8ED /* Main.storyboard */ = {
			isa = PBXVariantGroup;
			children = (
				EC510CDB1A3E6A0D00D4B8ED /* Base */,
			);
			name = Main.storyboard;
			sourceTree = "<group>";
		};
		EC510CDF1A3E6A0D00D4B8ED /* LaunchScreen.xib */ = {
			isa = PBXVariantGroup;
			children = (
				EC510CE01A3E6A0D00D4B8ED /* Base */,
			);
			name = LaunchScreen.xib;
			sourceTree = "<group>";
		};
/* End PBXVariantGroup section */

/* Begin XCBuildConfiguration section */
		EC510CEE1A3E6A0D00D4B8ED /* Debug */ = {
			isa = XCBuildConfiguration;
			buildSettings = {
				ALWAYS_SEARCH_USER_PATHS = NO;
				CLANG_CXX_LANGUAGE_STANDARD = "gnu++0x";
				CLANG_CXX_LIBRARY = "libc++";
				CLANG_ENABLE_MODULES = YES;
				CLANG_ENABLE_OBJC_ARC = YES;
				CLANG_WARN_BOOL_CONVERSION = YES;
				CLANG_WARN_CONSTANT_CONVERSION = YES;
				CLANG_WARN_DIRECT_OBJC_ISA_USAGE = YES_ERROR;
				CLANG_WARN_EMPTY_BODY = YES;
				CLANG_WARN_ENUM_CONVERSION = YES;
				CLANG_WARN_INT_CONVERSION = YES;
				CLANG_WARN_OBJC_ROOT_CLASS = YES_ERROR;
				CLANG_WARN_UNREACHABLE_CODE = YES;
				CLANG_WARN__DUPLICATE_METHOD_MATCH = YES;
				"CODE_SIGN_IDENTITY[sdk=iphoneos*]" = "iPhone Developer";
				COPY_PHASE_STRIP = NO;
				ENABLE_STRICT_OBJC_MSGSEND = YES;
				GCC_C_LANGUAGE_STANDARD = gnu99;
				GCC_DYNAMIC_NO_PIC = NO;
				GCC_OPTIMIZATION_LEVEL = 0;
				GCC_PREPROCESSOR_DEFINITIONS = (
					"DEBUG=1",
					"$(inherited)",
				);
				GCC_SYMBOLS_PRIVATE_EXTERN = NO;
				GCC_WARN_64_TO_32_BIT_CONVERSION = YES;
				GCC_WARN_ABOUT_RETURN_TYPE = YES_ERROR;
				GCC_WARN_UNDECLARED_SELECTOR = YES;
				GCC_WARN_UNINITIALIZED_AUTOS = YES_AGGRESSIVE;
				GCC_WARN_UNUSED_FUNCTION = YES;
				GCC_WARN_UNUSED_VARIABLE = YES;
				IPHONEOS_DEPLOYMENT_TARGET = 8.1;
				MTL_ENABLE_DEBUG_INFO = YES;
				ONLY_ACTIVE_ARCH = YES;
				SDKROOT = iphoneos;
				SWIFT_OPTIMIZATION_LEVEL = "-Onone";
			};
			name = Debug;
		};
		EC510CEF1A3E6A0D00D4B8ED /* Release */ = {
			isa = XCBuildConfiguration;
			buildSettings = {
				ALWAYS_SEARCH_USER_PATHS = NO;
				CLANG_CXX_LANGUAGE_STANDARD = "gnu++0x";
				CLANG_CXX_LIBRARY = "libc++";
				CLANG_ENABLE_MODULES = YES;
				CLANG_ENABLE_OBJC_ARC = YES;
				CLANG_WARN_BOOL_CONVERSION = YES;
				CLANG_WARN_CONSTANT_CONVERSION = YES;
				CLANG_WARN_DIRECT_OBJC_ISA_USAGE = YES_ERROR;
				CLANG_WARN_EMPTY_BODY = YES;
				CLANG_WARN_ENUM_CONVERSION = YES;
				CLANG_WARN_INT_CONVERSION = YES;
				CLANG_WARN_OBJC_ROOT_CLASS = YES_ERROR;
				CLANG_WARN_UNREACHABLE_CODE = YES;
				CLANG_WARN__DUPLICATE_METHOD_MATCH = YES;
				"CODE_SIGN_IDENTITY[sdk=iphoneos*]" = "iPhone Developer";
				COPY_PHASE_STRIP = YES;
				ENABLE_NS_ASSERTIONS = NO;
				ENABLE_STRICT_OBJC_MSGSEND = YES;
				GCC_C_LANGUAGE_STANDARD = gnu99;
				GCC_WARN_64_TO_32_BIT_CONVERSION = YES;
				GCC_WARN_ABOUT_RETURN_TYPE = YES_ERROR;
				GCC_WARN_UNDECLARED_SELECTOR = YES;
				GCC_WARN_UNINITIALIZED_AUTOS = YES_AGGRESSIVE;
				GCC_WARN_UNUSED_FUNCTION = YES;
				GCC_WARN_UNUSED_VARIABLE = YES;
				IPHONEOS_DEPLOYMENT_TARGET = 8.1;
				MTL_ENABLE_DEBUG_INFO = NO;
				SDKROOT = iphoneos;
				VALIDATE_PRODUCT = YES;
			};
			name = Release;
		};
		EC510CF11A3E6A0D00D4B8ED /* Debug */ = {
			isa = XCBuildConfiguration;
			buildSettings = {
				ASSETCATALOG_COMPILER_APPICON_NAME = AppIcon;
				INFOPLIST_FILE = "To Do List/Info.plist";
				LD_RUNPATH_SEARCH_PATHS = "$(inherited) @executable_path/Frameworks";
				PRODUCT_NAME = "$(TARGET_NAME)";
			};
			name = Debug;
		};
		EC510CF21A3E6A0D00D4B8ED /* Release */ = {
			isa = XCBuildConfiguration;
			buildSettings = {
				ASSETCATALOG_COMPILER_APPICON_NAME = AppIcon;
				INFOPLIST_FILE = "To Do List/Info.plist";
				LD_RUNPATH_SEARCH_PATHS = "$(inherited) @executable_path/Frameworks";
				PRODUCT_NAME = "$(TARGET_NAME)";
			};
			name = Release;
		};
		EC510CF41A3E6A0D00D4B8ED /* Debug */ = {
			isa = XCBuildConfiguration;
			buildSettings = {
				BUNDLE_LOADER = "$(TEST_HOST)";
				FRAMEWORK_SEARCH_PATHS = (
					"$(SDKROOT)/Developer/Library/Frameworks",
					"$(inherited)",
				);
				GCC_PREPROCESSOR_DEFINITIONS = (
					"DEBUG=1",
					"$(inherited)",
				);
				INFOPLIST_FILE = "To Do ListTests/Info.plist";
				LD_RUNPATH_SEARCH_PATHS = "$(inherited) @executable_path/Frameworks @loader_path/Frameworks";
				PRODUCT_NAME = "$(TARGET_NAME)";
				TEST_HOST = "$(BUILT_PRODUCTS_DIR)/To Do List.app/To Do List";
			};
			name = Debug;
		};
		EC510CF51A3E6A0D00D4B8ED /* Release */ = {
			isa = XCBuildConfiguration;
			buildSettings = {
				BUNDLE_LOADER = "$(TEST_HOST)";
				FRAMEWORK_SEARCH_PATHS = (
					"$(SDKROOT)/Developer/Library/Frameworks",
					"$(inherited)",
				);
				INFOPLIST_FILE = "To Do ListTests/Info.plist";
				LD_RUNPATH_SEARCH_PATHS = "$(inherited) @executable_path/Frameworks @loader_path/Frameworks";
				PRODUCT_NAME = "$(TARGET_NAME)";
				TEST_HOST = "$(BUILT_PRODUCTS_DIR)/To Do List.app/To Do List";
			};
			name = Release;
		};
/* End XCBuildConfiguration section */

/* Begin XCConfigurationList section */
		EC510CCA1A3E6A0C00D4B8ED /* Build configuration list for PBXProject "To Do List" */ = {
			isa = XCConfigurationList;
			buildConfigurations = (
				EC510CEE1A3E6A0D00D4B8ED /* Debug */,
				EC510CEF1A3E6A0D00D4B8ED /* Release */,
			);
			defaultConfigurationIsVisible = 0;
			defaultConfigurationName = Release;
		};
		EC510CF01A3E6A0D00D4B8ED /* Build configuration list for PBXNativeTarget "To Do List" */ = {
			isa = XCConfigurationList;
			buildConfigurations = (
				EC510CF11A3E6A0D00D4B8ED /* Debug */,
				EC510CF21A3E6A0D00D4B8ED /* Release */,
			);
			defaultConfigurationIsVisible = 0;
			defaultConfigurationName = Release;
		};
		EC510CF31A3E6A0D00D4B8ED /* Build configuration list for PBXNativeTarget "To Do ListTests" */ = {
			isa = XCConfigurationList;
			buildConfigurations = (
				EC510CF41A3E6A0D00D4B8ED /* Debug */,
				EC510CF51A3E6A0D00D4B8ED /* Release */,
			);
			defaultConfigurationIsVisible = 0;
			defaultConfigurationName = Release;
		};
/* End XCConfigurationList section */
	};
	rootObject = EC510CC71A3E6A0C00D4B8ED /* Project object */;
}
